// !$*UTF8*$!
{
	archiveVersion = 1;
	classes = {
	};
	objectVersion = 46;
	objects = {

/* Begin PBXBuildFile section */
		3318D33E195126C1005781FC /* StepDataHandler.swift in Sources */ = {isa = PBXBuildFile; fileRef = 3318D33D195126C1005781FC /* StepDataHandler.swift */; };
		3318D341195128D6005781FC /* Pedometer.swift in Sources */ = {isa = PBXBuildFile; fileRef = 3318D340195128D6005781FC /* Pedometer.swift */; };
		3318D34419512ACF005781FC /* StepConversion.swift in Sources */ = {isa = PBXBuildFile; fileRef = 3318D34319512ACF005781FC /* StepConversion.swift */; };
		3318D34619512B88005781FC /* CellToday.swift in Sources */ = {isa = PBXBuildFile; fileRef = 3318D34519512B88005781FC /* CellToday.swift */; };
		3318D34819512B94005781FC /* CellHistory.swift in Sources */ = {isa = PBXBuildFile; fileRef = 3318D34719512B94005781FC /* CellHistory.swift */; };
		3318D34C19512C01005781FC /* CellStatsAverage.swift in Sources */ = {isa = PBXBuildFile; fileRef = 3318D34B19512C01005781FC /* CellStatsAverage.swift */; };
		3318D34E19513344005781FC /* CellToday.xib in Resources */ = {isa = PBXBuildFile; fileRef = 3318D34D19513344005781FC /* CellToday.xib */; };
		33293D53196CC0870019C255 /* CMSConstants.swift in Sources */ = {isa = PBXBuildFile; fileRef = 33293D52196CC0870019C255 /* CMSConstants.swift */; };
		335410EF195BBB8900E766D8 /* HealthKit.framework in Frameworks */ = {isa = PBXBuildFile; fileRef = 335410EE195BBB8900E766D8 /* HealthKit.framework */; };
		335410F1195BBB9300E766D8 /* CoreMotion.framework in Frameworks */ = {isa = PBXBuildFile; fileRef = 335410F0195BBB9300E766D8 /* CoreMotion.framework */; };
		33578B72194A56A600120216 /* AppDelegate.swift in Sources */ = {isa = PBXBuildFile; fileRef = 33578B71194A56A600120216 /* AppDelegate.swift */; };
		33578B75194A56A600120216 /* MySteps.xcdatamodeld in Sources */ = {isa = PBXBuildFile; fileRef = 33578B73194A56A600120216 /* MySteps.xcdatamodeld */; };
		33578B77194A56A600120216 /* MasterViewController.swift in Sources */ = {isa = PBXBuildFile; fileRef = 33578B76194A56A600120216 /* MasterViewController.swift */; };
		33578B79194A56A600120216 /* ValidateViewController.swift in Sources */ = {isa = PBXBuildFile; fileRef = 33578B78194A56A600120216 /* ValidateViewController.swift */; };
		33578B7C194A56A600120216 /* Main.storyboard in Resources */ = {isa = PBXBuildFile; fileRef = 33578B7A194A56A600120216 /* Main.storyboard */; };
		33578B7E194A56A600120216 /* Images.xcassets in Resources */ = {isa = PBXBuildFile; fileRef = 33578B7D194A56A600120216 /* Images.xcassets */; };
		33578B8A194A56A600120216 /* MyStepsTests.swift in Sources */ = {isa = PBXBuildFile; fileRef = 33578B89194A56A600120216 /* MyStepsTests.swift */; };
		335D86D3197362360033521E /* PNBar.swift in Sources */ = {isa = PBXBuildFile; fileRef = 335D86CA197362360033521E /* PNBar.swift */; };
		335D86D4197362360033521E /* PNBarChart.swift in Sources */ = {isa = PBXBuildFile; fileRef = 335D86CB197362360033521E /* PNBarChart.swift */; };
		335D86D5197362360033521E /* PNChartConfig.swift in Sources */ = {isa = PBXBuildFile; fileRef = 335D86CC197362360033521E /* PNChartConfig.swift */; };
		335D86D6197362360033521E /* PNChartDelegate.swift in Sources */ = {isa = PBXBuildFile; fileRef = 335D86CD197362360033521E /* PNChartDelegate.swift */; };
		335D86D7197362360033521E /* PNChartLabel.swift in Sources */ = {isa = PBXBuildFile; fileRef = 335D86CF197362360033521E /* PNChartLabel.swift */; };
		335D86D8197362360033521E /* PNLineChart.swift in Sources */ = {isa = PBXBuildFile; fileRef = 335D86D0197362360033521E /* PNLineChart.swift */; };
		335D86D9197362360033521E /* PNLineChartData.swift in Sources */ = {isa = PBXBuildFile; fileRef = 335D86D1197362360033521E /* PNLineChartData.swift */; };
		335D86DA197362360033521E /* PNValue.swift in Sources */ = {isa = PBXBuildFile; fileRef = 335D86D2197362360033521E /* PNValue.swift */; };
		338BE17B196742FA009C816A /* StepDay.m in Sources */ = {isa = PBXBuildFile; fileRef = 338BE17A196742FA009C816A /* StepDay.m */; };
		33C062371969876C005D9EFB /* NavigationViewController.swift in Sources */ = {isa = PBXBuildFile; fileRef = 33C062361969876B005D9EFB /* NavigationViewController.swift */; };
		33EE8D1B1957D3DF00C3AD0C /* CellStatsBest.swift in Sources */ = {isa = PBXBuildFile; fileRef = 33EE8D1A1957D3DF00C3AD0C /* CellStatsBest.swift */; };
		33EE8D1F1957D46F00C3AD0C /* CellStatsBest.xib in Resources */ = {isa = PBXBuildFile; fileRef = 33EE8D1E1957D46F00C3AD0C /* CellStatsBest.xib */; };
		33EE8D231957D52700C3AD0C /* CellStatsTotal.xib in Resources */ = {isa = PBXBuildFile; fileRef = 33EE8D221957D52700C3AD0C /* CellStatsTotal.xib */; };
		33EE8D291957D54D00C3AD0C /* CellHistory.xib in Resources */ = {isa = PBXBuildFile; fileRef = 33EE8D241957D54D00C3AD0C /* CellHistory.xib */; };
		33EE8D2A1957D54D00C3AD0C /* CellStatsAverage.xib in Resources */ = {isa = PBXBuildFile; fileRef = 33EE8D251957D54D00C3AD0C /* CellStatsAverage.xib */; };
		33EE8D2B1957D54D00C3AD0C /* CellStatsTotal.swift in Sources */ = {isa = PBXBuildFile; fileRef = 33EE8D261957D54D00C3AD0C /* CellStatsTotal.swift */; };
		33EE8D2C1957D54D00C3AD0C /* CellWeek.swift in Sources */ = {isa = PBXBuildFile; fileRef = 33EE8D271957D54D00C3AD0C /* CellWeek.swift */; };
		33EE8D2D1957D54D00C3AD0C /* CellWeek.xib in Resources */ = {isa = PBXBuildFile; fileRef = 33EE8D281957D54D00C3AD0C /* CellWeek.xib */; };
/* End PBXBuildFile section */

/* Begin PBXContainerItemProxy section */
		33578B84194A56A600120216 /* PBXContainerItemProxy */ = {
			isa = PBXContainerItemProxy;
			containerPortal = 33578B64194A56A600120216 /* Project object */;
			proxyType = 1;
			remoteGlobalIDString = 33578B6B194A56A600120216;
			remoteInfo = MySteps;
		};
/* End PBXContainerItemProxy section */

/* Begin PBXFileReference section */
		3318D33D195126C1005781FC /* StepDataHandler.swift */ = {isa = PBXFileReference; fileEncoding = 4; lastKnownFileType = sourcecode.swift; name = StepDataHandler.swift; path = StepHandling/StepDataHandler.swift; sourceTree = "<group>"; };
		3318D340195128D6005781FC /* Pedometer.swift */ = {isa = PBXFileReference; fileEncoding = 4; lastKnownFileType = sourcecode.swift; name = Pedometer.swift; path = StepHandling/Pedometer.swift; sourceTree = "<group>"; };
		3318D34319512ACF005781FC /* StepConversion.swift */ = {isa = PBXFileReference; fileEncoding = 4; lastKnownFileType = sourcecode.swift; name = StepConversion.swift; path = StepHandling/StepConversion.swift; sourceTree = "<group>"; };
		3318D34519512B88005781FC /* CellToday.swift */ = {isa = PBXFileReference; fileEncoding = 4; lastKnownFileType = sourcecode.swift; name = CellToday.swift; path = CustomCells/CellToday.swift; sourceTree = "<group>"; };
		3318D34719512B94005781FC /* CellHistory.swift */ = {isa = PBXFileReference; fileEncoding = 4; lastKnownFileType = sourcecode.swift; name = CellHistory.swift; path = CustomCells/CellHistory.swift; sourceTree = "<group>"; };
		3318D34B19512C01005781FC /* CellStatsAverage.swift */ = {isa = PBXFileReference; fileEncoding = 4; lastKnownFileType = sourcecode.swift; name = CellStatsAverage.swift; path = CustomCells/CellStatsAverage.swift; sourceTree = "<group>"; };
		3318D34D19513344005781FC /* CellToday.xib */ = {isa = PBXFileReference; fileEncoding = 4; lastKnownFileType = file.xib; name = CellToday.xib; path = CustomCells/CellToday.xib; sourceTree = "<group>"; };
		33293D52196CC0870019C255 /* CMSConstants.swift */ = {isa = PBXFileReference; fileEncoding = 4; lastKnownFileType = sourcecode.swift; path = CMSConstants.swift; sourceTree = "<group>"; };
		335410EE195BBB8900E766D8 /* HealthKit.framework */ = {isa = PBXFileReference; lastKnownFileType = wrapper.framework; name = HealthKit.framework; path = System/Library/Frameworks/HealthKit.framework; sourceTree = SDKROOT; };
		335410F0195BBB9300E766D8 /* CoreMotion.framework */ = {isa = PBXFileReference; lastKnownFileType = wrapper.framework; name = CoreMotion.framework; path = System/Library/Frameworks/CoreMotion.framework; sourceTree = SDKROOT; };
		33578B6C194A56A600120216 /* MySteps.app */ = {isa = PBXFileReference; explicitFileType = wrapper.application; includeInIndex = 0; path = MySteps.app; sourceTree = BUILT_PRODUCTS_DIR; };
		33578B70194A56A600120216 /* Info.plist */ = {isa = PBXFileReference; lastKnownFileType = text.plist.xml; path = Info.plist; sourceTree = "<group>"; };
		33578B71194A56A600120216 /* AppDelegate.swift */ = {isa = PBXFileReference; lastKnownFileType = sourcecode.swift; path = AppDelegate.swift; sourceTree = "<group>"; };
		33578B74194A56A600120216 /* MySteps.xcdatamodel */ = {isa = PBXFileReference; lastKnownFileType = wrapper.xcdatamodel; path = MySteps.xcdatamodel; sourceTree = "<group>"; };
		33578B76194A56A600120216 /* MasterViewController.swift */ = {isa = PBXFileReference; lastKnownFileType = sourcecode.swift; path = MasterViewController.swift; sourceTree = "<group>"; };
		33578B78194A56A600120216 /* ValidateViewController.swift */ = {isa = PBXFileReference; lastKnownFileType = sourcecode.swift; path = ValidateViewController.swift; sourceTree = "<group>"; };
		33578B7B194A56A600120216 /* Base */ = {isa = PBXFileReference; lastKnownFileType = file.storyboard; name = Base; path = Base.lproj/Main.storyboard; sourceTree = "<group>"; };
		33578B7D194A56A600120216 /* Images.xcassets */ = {isa = PBXFileReference; lastKnownFileType = folder.assetcatalog; path = Images.xcassets; sourceTree = "<group>"; };
		33578B83194A56A600120216 /* MyStepsTests.xctest */ = {isa = PBXFileReference; explicitFileType = wrapper.cfbundle; includeInIndex = 0; path = MyStepsTests.xctest; sourceTree = BUILT_PRODUCTS_DIR; };
		33578B88194A56A600120216 /* Info.plist */ = {isa = PBXFileReference; lastKnownFileType = text.plist.xml; path = Info.plist; sourceTree = "<group>"; };
		33578B89194A56A600120216 /* MyStepsTests.swift */ = {isa = PBXFileReference; lastKnownFileType = sourcecode.swift; path = MyStepsTests.swift; sourceTree = "<group>"; };
		335D86CA197362360033521E /* PNBar.swift */ = {isa = PBXFileReference; fileEncoding = 4; lastKnownFileType = sourcecode.swift; path = PNBar.swift; sourceTree = "<group>"; };
		335D86CB197362360033521E /* PNBarChart.swift */ = {isa = PBXFileReference; fileEncoding = 4; lastKnownFileType = sourcecode.swift; path = PNBarChart.swift; sourceTree = "<group>"; };
		335D86CC197362360033521E /* PNChartConfig.swift */ = {isa = PBXFileReference; fileEncoding = 4; lastKnownFileType = sourcecode.swift; path = PNChartConfig.swift; sourceTree = "<group>"; };
		335D86CD197362360033521E /* PNChartDelegate.swift */ = {isa = PBXFileReference; fileEncoding = 4; lastKnownFileType = sourcecode.swift; path = PNChartDelegate.swift; sourceTree = "<group>"; };
		335D86CF197362360033521E /* PNChartLabel.swift */ = {isa = PBXFileReference; fileEncoding = 4; lastKnownFileType = sourcecode.swift; path = PNChartLabel.swift; sourceTree = "<group>"; };
		335D86D0197362360033521E /* PNLineChart.swift */ = {isa = PBXFileReference; fileEncoding = 4; lastKnownFileType = sourcecode.swift; path = PNLineChart.swift; sourceTree = "<group>"; };
		335D86D1197362360033521E /* PNLineChartData.swift */ = {isa = PBXFileReference; fileEncoding = 4; lastKnownFileType = sourcecode.swift; path = PNLineChartData.swift; sourceTree = "<group>"; };
		335D86D2197362360033521E /* PNValue.swift */ = {isa = PBXFileReference; fileEncoding = 4; lastKnownFileType = sourcecode.swift; path = PNValue.swift; sourceTree = "<group>"; };
		338BE178196742FA009C816A /* MySteps-Bridging-Header.h */ = {isa = PBXFileReference; lastKnownFileType = sourcecode.c.h; path = "MySteps-Bridging-Header.h"; sourceTree = "<group>"; };
		338BE179196742FA009C816A /* StepDay.h */ = {isa = PBXFileReference; fileEncoding = 4; lastKnownFileType = sourcecode.c.h; name = StepDay.h; path = StepHandling/StepDay.h; sourceTree = "<group>"; };
		338BE17A196742FA009C816A /* StepDay.m */ = {isa = PBXFileReference; fileEncoding = 4; lastKnownFileType = sourcecode.c.objc; name = StepDay.m; path = StepHandling/StepDay.m; sourceTree = "<group>"; };
		33C062361969876B005D9EFB /* NavigationViewController.swift */ = {isa = PBXFileReference; fileEncoding = 4; lastKnownFileType = sourcecode.swift; path = NavigationViewController.swift; sourceTree = "<group>"; };
		33EE8D1A1957D3DF00C3AD0C /* CellStatsBest.swift */ = {isa = PBXFileReference; fileEncoding = 4; lastKnownFileType = sourcecode.swift; name = CellStatsBest.swift; path = CustomCells/CellStatsBest.swift; sourceTree = "<group>"; };
		33EE8D1E1957D46F00C3AD0C /* CellStatsBest.xib */ = {isa = PBXFileReference; fileEncoding = 4; lastKnownFileType = file.xib; name = CellStatsBest.xib; path = CustomCells/CellStatsBest.xib; sourceTree = "<group>"; };
		33EE8D221957D52700C3AD0C /* CellStatsTotal.xib */ = {isa = PBXFileReference; fileEncoding = 4; lastKnownFileType = file.xib; name = CellStatsTotal.xib; path = CustomCells/CellStatsTotal.xib; sourceTree = "<group>"; };
		33EE8D241957D54D00C3AD0C /* CellHistory.xib */ = {isa = PBXFileReference; fileEncoding = 4; lastKnownFileType = file.xib; name = CellHistory.xib; path = CustomCells/CellHistory.xib; sourceTree = "<group>"; };
		33EE8D251957D54D00C3AD0C /* CellStatsAverage.xib */ = {isa = PBXFileReference; fileEncoding = 4; lastKnownFileType = file.xib; name = CellStatsAverage.xib; path = CustomCells/CellStatsAverage.xib; sourceTree = "<group>"; };
		33EE8D261957D54D00C3AD0C /* CellStatsTotal.swift */ = {isa = PBXFileReference; fileEncoding = 4; lastKnownFileType = sourcecode.swift; name = CellStatsTotal.swift; path = CustomCells/CellStatsTotal.swift; sourceTree = "<group>"; };
		33EE8D271957D54D00C3AD0C /* CellWeek.swift */ = {isa = PBXFileReference; fileEncoding = 4; lastKnownFileType = sourcecode.swift; name = CellWeek.swift; path = CustomCells/CellWeek.swift; sourceTree = "<group>"; };
		33EE8D281957D54D00C3AD0C /* CellWeek.xib */ = {isa = PBXFileReference; fileEncoding = 4; lastKnownFileType = file.xib; name = CellWeek.xib; path = CustomCells/CellWeek.xib; sourceTree = "<group>"; };
/* End PBXFileReference section */

/* Begin PBXFrameworksBuildPhase section */
		33578B69194A56A600120216 /* Frameworks */ = {
			isa = PBXFrameworksBuildPhase;
			buildActionMask = 2147483647;
			files = (
				335410F1195BBB9300E766D8 /* CoreMotion.framework in Frameworks */,
				335410EF195BBB8900E766D8 /* HealthKit.framework in Frameworks */,
			);
			runOnlyForDeploymentPostprocessing = 0;
		};
		33578B80194A56A600120216 /* Frameworks */ = {
			isa = PBXFrameworksBuildPhase;
			buildActionMask = 2147483647;
			files = (
			);
			runOnlyForDeploymentPostprocessing = 0;
		};
/* End PBXFrameworksBuildPhase section */

/* Begin PBXGroup section */
		3318D33F195126D6005781FC /* StepHandling */ = {
			isa = PBXGroup;
			children = (
				3318D33D195126C1005781FC /* StepDataHandler.swift */,
				3318D340195128D6005781FC /* Pedometer.swift */,
				3318D34319512ACF005781FC /* StepConversion.swift */,
			);
			name = StepHandling;
			sourceTree = "<group>";
		};
		3318D34219512A4F005781FC /* Custom Cells */ = {
			isa = PBXGroup;
			children = (
				3318D34519512B88005781FC /* CellToday.swift */,
				3318D34D19513344005781FC /* CellToday.xib */,
				33EE8D271957D54D00C3AD0C /* CellWeek.swift */,
				33EE8D281957D54D00C3AD0C /* CellWeek.xib */,
				33EE8D251957D54D00C3AD0C /* CellStatsAverage.xib */,
				3318D34B19512C01005781FC /* CellStatsAverage.swift */,
				33EE8D221957D52700C3AD0C /* CellStatsTotal.xib */,
				33EE8D261957D54D00C3AD0C /* CellStatsTotal.swift */,
				33EE8D1E1957D46F00C3AD0C /* CellStatsBest.xib */,
				33EE8D1A1957D3DF00C3AD0C /* CellStatsBest.swift */,
				33EE8D241957D54D00C3AD0C /* CellHistory.xib */,
				3318D34719512B94005781FC /* CellHistory.swift */,
			);
			name = "Custom Cells";
			sourceTree = "<group>";
		};
		335410F2195BBBA800E766D8 /* Frameworks */ = {
			isa = PBXGroup;
			children = (
				335410F0195BBB9300E766D8 /* CoreMotion.framework */,
				335410EE195BBB8900E766D8 /* HealthKit.framework */,
			);
			name = Frameworks;
			sourceTree = "<group>";
		};
		33578B63194A56A600120216 = {
			isa = PBXGroup;
			children = (
				335410F2195BBBA800E766D8 /* Frameworks */,
				33578B6E194A56A600120216 /* MySteps */,
				33578B86194A56A600120216 /* MyStepsTests */,
				33578B6D194A56A600120216 /* Products */,
				335D86C8197362360033521E /* PNChart */,
			);
			sourceTree = "<group>";
		};
		33578B6D194A56A600120216 /* Products */ = {
			isa = PBXGroup;
			children = (
				33578B6C194A56A600120216 /* MySteps.app */,
				33578B83194A56A600120216 /* MyStepsTests.xctest */,
			);
			name = Products;
			sourceTree = "<group>";
		};
		33578B6E194A56A600120216 /* MySteps */ = {
			isa = PBXGroup;
			children = (
				3318D34219512A4F005781FC /* Custom Cells */,
				3318D33F195126D6005781FC /* StepHandling */,
				33578B71194A56A600120216 /* AppDelegate.swift */,
				33578B76194A56A600120216 /* MasterViewController.swift */,
				33578B78194A56A600120216 /* ValidateViewController.swift */,
				33578B7A194A56A600120216 /* Main.storyboard */,
				33C062361969876B005D9EFB /* NavigationViewController.swift */,
				33578B7D194A56A600120216 /* Images.xcassets */,
				33578B73194A56A600120216 /* MySteps.xcdatamodeld */,
				338BE179196742FA009C816A /* StepDay.h */,
				338BE17A196742FA009C816A /* StepDay.m */,
				33578B6F194A56A600120216 /* Supporting Files */,
				338BE178196742FA009C816A /* MySteps-Bridging-Header.h */,
				33293D52196CC0870019C255 /* CMSConstants.swift */,
			);
			path = MySteps;
			sourceTree = "<group>";
		};
		33578B6F194A56A600120216 /* Supporting Files */ = {
			isa = PBXGroup;
			children = (
				33578B70194A56A600120216 /* Info.plist */,
			);
			name = "Supporting Files";
			sourceTree = "<group>";
		};
		33578B86194A56A600120216 /* MyStepsTests */ = {
			isa = PBXGroup;
			children = (
				33578B89194A56A600120216 /* MyStepsTests.swift */,
				33578B87194A56A600120216 /* Supporting Files */,
			);
			path = MyStepsTests;
			sourceTree = "<group>";
		};
		33578B87194A56A600120216 /* Supporting Files */ = {
			isa = PBXGroup;
			children = (
				33578B88194A56A600120216 /* Info.plist */,
			);
			name = "Supporting Files";
			sourceTree = "<group>";
		};
		335D86C8197362360033521E /* PNChart */ = {
			isa = PBXGroup;
			children = (
				335D86C9197362360033521E /* PNBarChart */,
				335D86CC197362360033521E /* PNChartConfig.swift */,
				335D86CD197362360033521E /* PNChartDelegate.swift */,
				335D86CE197362360033521E /* PNLineChart */,
				335D86D2197362360033521E /* PNValue.swift */,
			);
			path = PNChart;
			sourceTree = "<group>";
		};
		335D86C9197362360033521E /* PNBarChart */ = {
			isa = PBXGroup;
			children = (
				335D86CA197362360033521E /* PNBar.swift */,
				335D86CB197362360033521E /* PNBarChart.swift */,
			);
			path = PNBarChart;
			sourceTree = "<group>";
		};
		335D86CE197362360033521E /* PNLineChart */ = {
			isa = PBXGroup;
			children = (
				335D86CF197362360033521E /* PNChartLabel.swift */,
				335D86D0197362360033521E /* PNLineChart.swift */,
				335D86D1197362360033521E /* PNLineChartData.swift */,
			);
			path = PNLineChart;
			sourceTree = "<group>";
		};
/* End PBXGroup section */

/* Begin PBXNativeTarget section */
		33578B6B194A56A600120216 /* MySteps */ = {
			isa = PBXNativeTarget;
			buildConfigurationList = 33578B8D194A56A600120216 /* Build configuration list for PBXNativeTarget "MySteps" */;
			buildPhases = (
				33578B68194A56A600120216 /* Sources */,
				33578B69194A56A600120216 /* Frameworks */,
				33578B6A194A56A600120216 /* Resources */,
			);
			buildRules = (
			);
			dependencies = (
			);
			name = MySteps;
			productName = MySteps;
			productReference = 33578B6C194A56A600120216 /* MySteps.app */;
			productType = "com.apple.product-type.application";
		};
		33578B82194A56A600120216 /* MyStepsTests */ = {
			isa = PBXNativeTarget;
			buildConfigurationList = 33578B90194A56A600120216 /* Build configuration list for PBXNativeTarget "MyStepsTests" */;
			buildPhases = (
				33578B7F194A56A600120216 /* Sources */,
				33578B80194A56A600120216 /* Frameworks */,
				33578B81194A56A600120216 /* Resources */,
			);
			buildRules = (
			);
			dependencies = (
				33578B85194A56A600120216 /* PBXTargetDependency */,
			);
			name = MyStepsTests;
			productName = MyStepsTests;
			productReference = 33578B83194A56A600120216 /* MyStepsTests.xctest */;
			productType = "com.apple.product-type.bundle.unit-test";
		};
/* End PBXNativeTarget section */

/* Begin PBXProject section */
		33578B64194A56A600120216 /* Project object */ = {
			isa = PBXProject;
			attributes = {
				LastUpgradeCheck = 0600;
				ORGANIZATIONNAME = "Matthew Faluotico";
				TargetAttributes = {
					33578B6B194A56A600120216 = {
						CreatedOnToolsVersion = 6.0;
					};
					33578B82194A56A600120216 = {
						CreatedOnToolsVersion = 6.0;
						TestTargetID = 33578B6B194A56A600120216;
					};
				};
			};
			buildConfigurationList = 33578B67194A56A600120216 /* Build configuration list for PBXProject "MySteps" */;
			compatibilityVersion = "Xcode 3.2";
			developmentRegion = English;
			hasScannedForEncodings = 0;
			knownRegions = (
				en,
				Base,
			);
			mainGroup = 33578B63194A56A600120216;
			productRefGroup = 33578B6D194A56A600120216 /* Products */;
			projectDirPath = "";
			projectRoot = "";
			targets = (
				33578B6B194A56A600120216 /* MySteps */,
				33578B82194A56A600120216 /* MyStepsTests */,
			);
		};
/* End PBXProject section */

/* Begin PBXResourcesBuildPhase section */
		33578B6A194A56A600120216 /* Resources */ = {
			isa = PBXResourcesBuildPhase;
			buildActionMask = 2147483647;
			files = (
				3318D34E19513344005781FC /* CellToday.xib in Resources */,
				33EE8D2D1957D54D00C3AD0C /* CellWeek.xib in Resources */,
				33578B7C194A56A600120216 /* Main.storyboard in Resources */,
				33578B7E194A56A600120216 /* Images.xcassets in Resources */,
				33EE8D2A1957D54D00C3AD0C /* CellStatsAverage.xib in Resources */,
				33EE8D1F1957D46F00C3AD0C /* CellStatsBest.xib in Resources */,
				33EE8D291957D54D00C3AD0C /* CellHistory.xib in Resources */,
				33EE8D231957D52700C3AD0C /* CellStatsTotal.xib in Resources */,
			);
			runOnlyForDeploymentPostprocessing = 0;
		};
		33578B81194A56A600120216 /* Resources */ = {
			isa = PBXResourcesBuildPhase;
			buildActionMask = 2147483647;
			files = (
			);
			runOnlyForDeploymentPostprocessing = 0;
		};
/* End PBXResourcesBuildPhase section */

/* Begin PBXSourcesBuildPhase section */
		33578B68194A56A600120216 /* Sources */ = {
			isa = PBXSourcesBuildPhase;
			buildActionMask = 2147483647;
			files = (
				33EE8D2C1957D54D00C3AD0C /* CellWeek.swift in Sources */,
				335D86D5197362360033521E /* PNChartConfig.swift in Sources */,
				335D86D3197362360033521E /* PNBar.swift in Sources */,
				3318D34819512B94005781FC /* CellHistory.swift in Sources */,
				33578B72194A56A600120216 /* AppDelegate.swift in Sources */,
				33C062371969876C005D9EFB /* NavigationViewController.swift in Sources */,
				335D86D9197362360033521E /* PNLineChartData.swift in Sources */,
				3318D33E195126C1005781FC /* StepDataHandler.swift in Sources */,
				3318D34C19512C01005781FC /* CellStatsAverage.swift in Sources */,
				335D86D8197362360033521E /* PNLineChart.swift in Sources */,
				33578B75194A56A600120216 /* MySteps.xcdatamodeld in Sources */,
				3318D34619512B88005781FC /* CellToday.swift in Sources */,
				33EE8D2B1957D54D00C3AD0C /* CellStatsTotal.swift in Sources */,
				33578B77194A56A600120216 /* MasterViewController.swift in Sources */,
				33578B79194A56A600120216 /* ValidateViewController.swift in Sources */,
				338BE17B196742FA009C816A /* StepDay.m in Sources */,
				3318D34419512ACF005781FC /* StepConversion.swift in Sources */,
				33293D53196CC0870019C255 /* CMSConstants.swift in Sources */,
				3318D341195128D6005781FC /* Pedometer.swift in Sources */,
				335D86DA197362360033521E /* PNValue.swift in Sources */,
				335D86D4197362360033521E /* PNBarChart.swift in Sources */,
				33EE8D1B1957D3DF00C3AD0C /* CellStatsBest.swift in Sources */,
				335D86D6197362360033521E /* PNChartDelegate.swift in Sources */,
				335D86D7197362360033521E /* PNChartLabel.swift in Sources */,
			);
			runOnlyForDeploymentPostprocessing = 0;
		};
		33578B7F194A56A600120216 /* Sources */ = {
			isa = PBXSourcesBuildPhase;
			buildActionMask = 2147483647;
			files = (
				33578B8A194A56A600120216 /* MyStepsTests.swift in Sources */,
			);
			runOnlyForDeploymentPostprocessing = 0;
		};
/* End PBXSourcesBuildPhase section */

/* Begin PBXTargetDependency section */
		33578B85194A56A600120216 /* PBXTargetDependency */ = {
			isa = PBXTargetDependency;
			target = 33578B6B194A56A600120216 /* MySteps */;
			targetProxy = 33578B84194A56A600120216 /* PBXContainerItemProxy */;
		};
/* End PBXTargetDependency section */

/* Begin PBXVariantGroup section */
		33578B7A194A56A600120216 /* Main.storyboard */ = {
			isa = PBXVariantGroup;
			children = (
				33578B7B194A56A600120216 /* Base */,
			);
			name = Main.storyboard;
			sourceTree = "<group>";
		};
/* End PBXVariantGroup section */

/* Begin XCBuildConfiguration section */
		33578B8B194A56A600120216 /* Debug */ = {
			isa = XCBuildConfiguration;
			buildSettings = {
				ALWAYS_SEARCH_USER_PATHS = NO;
				CLANG_CXX_LANGUAGE_STANDARD = "gnu++0x";
				CLANG_CXX_LIBRARY = "libc++";
				CLANG_ENABLE_MODULES = YES;
				CLANG_ENABLE_OBJC_ARC = YES;
				CLANG_WARN_BOOL_CONVERSION = YES;
				CLANG_WARN_CONSTANT_CONVERSION = YES;
				CLANG_WARN_DIRECT_OBJC_ISA_USAGE = YES_ERROR;
				CLANG_WARN_EMPTY_BODY = YES;
				CLANG_WARN_ENUM_CONVERSION = YES;
				CLANG_WARN_INT_CONVERSION = YES;
				CLANG_WARN_OBJC_ROOT_CLASS = YES_ERROR;
				CLANG_WARN_UNREACHABLE_CODE = YES;
				CLANG_WARN__DUPLICATE_METHOD_MATCH = YES;
				"CODE_SIGN_IDENTITY[sdk=iphoneos*]" = "iPhone Developer";
				COPY_PHASE_STRIP = NO;
				ENABLE_STRICT_OBJC_MSGSEND = YES;
				GCC_C_LANGUAGE_STANDARD = gnu99;
				GCC_DYNAMIC_NO_PIC = NO;
				GCC_OPTIMIZATION_LEVEL = 0;
				GCC_PREPROCESSOR_DEFINITIONS = (
					"DEBUG=1",
					"$(inherited)",
				);
				GCC_SYMBOLS_PRIVATE_EXTERN = NO;
				GCC_WARN_64_TO_32_BIT_CONVERSION = YES;
				GCC_WARN_ABOUT_RETURN_TYPE = YES_ERROR;
				GCC_WARN_UNDECLARED_SELECTOR = YES;
				GCC_WARN_UNINITIALIZED_AUTOS = YES_AGGRESSIVE;
				GCC_WARN_UNUSED_FUNCTION = YES;
				GCC_WARN_UNUSED_VARIABLE = YES;
				IPHONEOS_DEPLOYMENT_TARGET = 8.0;
				METAL_ENABLE_DEBUG_INFO = YES;
				ONLY_ACTIVE_ARCH = YES;
				SDKROOT = iphoneos;
				SWIFT_OPTIMIZATION_LEVEL = "-Onone";
			};
			name = Debug;
		};
		33578B8C194A56A600120216 /* Release */ = {
			isa = XCBuildConfiguration;
			buildSettings = {
				ALWAYS_SEARCH_USER_PATHS = NO;
				CLANG_CXX_LANGUAGE_STANDARD = "gnu++0x";
				CLANG_CXX_LIBRARY = "libc++";
				CLANG_ENABLE_MODULES = YES;
				CLANG_ENABLE_OBJC_ARC = YES;
				CLANG_WARN_BOOL_CONVERSION = YES;
				CLANG_WARN_CONSTANT_CONVERSION = YES;
				CLANG_WARN_DIRECT_OBJC_ISA_USAGE = YES_ERROR;
				CLANG_WARN_EMPTY_BODY = YES;
				CLANG_WARN_ENUM_CONVERSION = YES;
				CLANG_WARN_INT_CONVERSION = YES;
				CLANG_WARN_OBJC_ROOT_CLASS = YES_ERROR;
				CLANG_WARN_UNREACHABLE_CODE = YES;
				CLANG_WARN__DUPLICATE_METHOD_MATCH = YES;
				"CODE_SIGN_IDENTITY[sdk=iphoneos*]" = "iPhone Developer";
				COPY_PHASE_STRIP = YES;
				ENABLE_NS_ASSERTIONS = NO;
				ENABLE_STRICT_OBJC_MSGSEND = YES;
				GCC_C_LANGUAGE_STANDARD = gnu99;
				GCC_WARN_64_TO_32_BIT_CONVERSION = YES;
				GCC_WARN_ABOUT_RETURN_TYPE = YES_ERROR;
				GCC_WARN_UNDECLARED_SELECTOR = YES;
				GCC_WARN_UNINITIALIZED_AUTOS = YES_AGGRESSIVE;
				GCC_WARN_UNUSED_FUNCTION = YES;
				GCC_WARN_UNUSED_VARIABLE = YES;
				IPHONEOS_DEPLOYMENT_TARGET = 8.0;
				METAL_ENABLE_DEBUG_INFO = NO;
				SDKROOT = iphoneos;
				VALIDATE_PRODUCT = YES;
			};
			name = Release;
		};
		33578B8E194A56A600120216 /* Debug */ = {
			isa = XCBuildConfiguration;
			buildSettings = {
				ARCHS = "$(ARCHS_STANDARD_32_BIT)";
				ASSETCATALOG_COMPILER_APPICON_NAME = AppIcon;
				ASSETCATALOG_COMPILER_LAUNCHIMAGE_NAME = LaunchImage;
				CLANG_ENABLE_MODULES = YES;
				INFOPLIST_FILE = MySteps/Info.plist;
				LD_RUNPATH_SEARCH_PATHS = "$(inherited) @executable_path/Frameworks";
				PRODUCT_NAME = "$(TARGET_NAME)";
				SWIFT_OBJC_BRIDGING_HEADER = "MySteps/MySteps-Bridging-Header.h";
				SWIFT_OPTIMIZATION_LEVEL = "-Onone";
			};
			name = Debug;
		};
		33578B8F194A56A600120216 /* Release */ = {
			isa = XCBuildConfiguration;
			buildSettings = {
				ARCHS = "$(ARCHS_STANDARD_32_BIT)";
				ASSETCATALOG_COMPILER_APPICON_NAME = AppIcon;
				ASSETCATALOG_COMPILER_LAUNCHIMAGE_NAME = LaunchImage;
				CLANG_ENABLE_MODULES = YES;
				INFOPLIST_FILE = MySteps/Info.plist;
				LD_RUNPATH_SEARCH_PATHS = "$(inherited) @executable_path/Frameworks";
				PRODUCT_NAME = "$(TARGET_NAME)";
				SWIFT_OBJC_BRIDGING_HEADER = "MySteps/MySteps-Bridging-Header.h";
			};
			name = Release;
		};
		33578B91194A56A600120216 /* Debug */ = {
			isa = XCBuildConfiguration;
			buildSettings = {
				BUNDLE_LOADER = "$(BUILT_PRODUCTS_DIR)/MySteps.app/MySteps";
				FRAMEWORK_SEARCH_PATHS = (
					"$(SDKROOT)/Developer/Library/Frameworks",
					"$(inherited)",
				);
				GCC_PREPROCESSOR_DEFINITIONS = (
					"DEBUG=1",
					"$(inherited)",
				);
				INFOPLIST_FILE = MyStepsTests/Info.plist;
				LD_RUNPATH_SEARCH_PATHS = "$(inherited) @executable_path/Frameworks @loader_path/Frameworks";
				METAL_ENABLE_DEBUG_INFO = YES;
				PRODUCT_NAME = "$(TARGET_NAME)";
				TEST_HOST = "$(BUNDLE_LOADER)";
			};
			name = Debug;
		};
		33578B92194A56A600120216 /* Release */ = {
			isa = XCBuildConfiguration;
			buildSettings = {
				BUNDLE_LOADER = "$(BUILT_PRODUCTS_DIR)/MySteps.app/MySteps";
				FRAMEWORK_SEARCH_PATHS = (
					"$(SDKROOT)/Developer/Library/Frameworks",
					"$(inherited)",
				);
				INFOPLIST_FILE = MyStepsTests/Info.plist;
				LD_RUNPATH_SEARCH_PATHS = "$(inherited) @executable_path/Frameworks @loader_path/Frameworks";
				METAL_ENABLE_DEBUG_INFO = NO;
				PRODUCT_NAME = "$(TARGET_NAME)";
				TEST_HOST = "$(BUNDLE_LOADER)";
			};
			name = Release;
		};
/* End XCBuildConfiguration section */

/* Begin XCConfigurationList section */
		33578B67194A56A600120216 /* Build configuration list for PBXProject "MySteps" */ = {
			isa = XCConfigurationList;
			buildConfigurations = (
				33578B8B194A56A600120216 /* Debug */,
				33578B8C194A56A600120216 /* Release */,
			);
			defaultConfigurationIsVisible = 0;
			defaultConfigurationName = Release;
		};
		33578B8D194A56A600120216 /* Build configuration list for PBXNativeTarget "MySteps" */ = {
			isa = XCConfigurationList;
			buildConfigurations = (
				33578B8E194A56A600120216 /* Debug */,
				33578B8F194A56A600120216 /* Release */,
			);
			defaultConfigurationIsVisible = 0;
			defaultConfigurationName = Release;
		};
		33578B90194A56A600120216 /* Build configuration list for PBXNativeTarget "MyStepsTests" */ = {
			isa = XCConfigurationList;
			buildConfigurations = (
				33578B91194A56A600120216 /* Debug */,
				33578B92194A56A600120216 /* Release */,
			);
			defaultConfigurationIsVisible = 0;
			defaultConfigurationName = Release;
		};
/* End XCConfigurationList section */

/* Begin XCVersionGroup section */
		33578B73194A56A600120216 /* MySteps.xcdatamodeld */ = {
			isa = XCVersionGroup;
			children = (
				33578B74194A56A600120216 /* MySteps.xcdatamodel */,
			);
			currentVersion = 33578B74194A56A600120216 /* MySteps.xcdatamodel */;
			path = MySteps.xcdatamodeld;
			sourceTree = "<group>";
			versionGroupType = wrapper.xcdatamodel;
		};
/* End XCVersionGroup section */
	};
	rootObject = 33578B64194A56A600120216 /* Project object */;
}
